
Microsoft Visual Studio Solution File, Format Version 12.00
# Visual Studio 2012
Project("{8BC9CEB8-8B4A-11D0-8D11-00A0C91BC942}") = "URI", "URI\URI.vcxproj", "{864DDAF0-0C03-4B29-9A7F-16B926874672}"
EndProject
Global
	GlobalSection(SolutionConfigurationPlatforms) = preSolution
		Debug|Win32 = Debug|Win32
		Release|Win32 = Release|Win32
	EndGlobalSection
	GlobalSection(ProjectConfigurationPlatforms) = postSolution
		{864DDAF0-0C03-4B29-9A7F-16B926874672}.Debug|Win32.ActiveCfg = Debug|Win32
		{864DDAF0-0C03-4B29-9A7F-16B926874672}.Debug|Win32.Build.0 = Debug|Win32
		{864DDAF0-0C03-4B29-9A7F-16B926874672}.Release|Win32.ActiveCfg = Release|Win32
		{864DDAF0-0C03-4B29-9A7F-16B926874672}.Release|Win32.Build.0 = Release|Win32
	EndGlobalSection
	GlobalSection(SolutionProperties) = preSolution
		HideSolutionNode = FALSE
	EndGlobalSection
EndGlobal
